
Microsoft Visual Studio Solution File, Format Version 12.00
Project("{FAE04EC0-301F-11D3-BF4B-00C04F79EFBC}") = "WebSocket", "WebSocket\WebSocket.csproj", "{BB8876A6-E91B-46F1-9F8C-879D63C2D811}"
EndProject
Project("{FAE04EC0-301F-11D3-BF4B-00C04F79EFBC}") = "ConsoleApp", "ConsoleApp\ConsoleApp.csproj", "{785970FB-040A-45B4-A875-B23BE1BA61C2}"
EndProject
Global
	GlobalSection(SolutionConfigurationPlatforms) = preSolution
		Debug|Any CPU = Debug|Any CPU
		Release|Any CPU = Release|Any CPU
	EndGlobalSection
	GlobalSection(ProjectConfigurationPlatforms) = postSolution
		{BB8876A6-E91B-46F1-9F8C-879D63C2D811}.Debug|Any CPU.ActiveCfg = Debug|Any CPU
		{BB8876A6-E91B-46F1-9F8C-879D63C2D811}.Debug|Any CPU.Build.0 = Debug|Any CPU
		{BB8876A6-E91B-46F1-9F8C-879D63C2D811}.Release|Any CPU.ActiveCfg = Release|Any CPU
		{BB8876A6-E91B-46F1-9F8C-879D63C2D811}.Release|Any CPU.Build.0 = Release|Any CPU
		{785970FB-040A-45B4-A875-B23BE1BA61C2}.Debug|Any CPU.ActiveCfg = Debug|Any CPU
		{785970FB-040A-45B4-A875-B23BE1BA61C2}.Debug|Any CPU.Build.0 = Debug|Any CPU
		{785970FB-040A-45B4-A875-B23BE1BA61C2}.Release|Any CPU.ActiveCfg = Release|Any CPU
		{785970FB-040A-45B4-A875-B23BE1BA61C2}.Release|Any CPU.Build.0 = Release|Any CPU
	EndGlobalSection
EndGlobal
